
Microsoft Visual Studio Solution File, Format Version 12.00
# Visual Studio Version 17
VisualStudioVersion = 17.13.35919.96 d17.13
MinimumVisualStudioVersion = 10.0.40219.1
Project("{8BC9CEB8-8B4A-11D0-8D11-00A0C91BC942}") = "LineEditorAssignment223", "LineEditorAssignment223\LineEditorAssignment223.vcxproj", "{630FED3E-2773-4F8F-ACE8-D7F9D6AE76A5}"
EndProject
Global
	GlobalSection(SolutionConfigurationPlatforms) = preSolution
		Debug|x64 = Debug|x64
		Debug|x86 = Debug|x86
		Release|x64 = Release|x64
		Release|x86 = Release|x86
	EndGlobalSection
	GlobalSection(ProjectConfigurationPlatforms) = postSolution
		{630FED3E-2773-4F8F-ACE8-D7F9D6AE76A5}.Debug|x64.ActiveCfg = Debug|x64
		{630FED3E-2773-4F8F-ACE8-D7F9D6AE76A5}.Debug|x64.Build.0 = Debug|x64
		{630FED3E-2773-4F8F-ACE8-D7F9D6AE76A5}.Debug|x86.ActiveCfg = Debug|Win32
		{630FED3E-2773-4F8F-ACE8-D7F9D6AE76A5}.Debug|x86.Build.0 = Debug|Win32
		{630FED3E-2773-4F8F-ACE8-D7F9D6AE76A5}.Release|x64.ActiveCfg = Release|x64
		{630FED3E-2773-4F8F-ACE8-D7F9D6AE76A5}.Release|x64.Build.0 = Release|x64
		{630FED3E-2773-4F8F-ACE8-D7F9D6AE76A5}.Release|x86.ActiveCfg = Release|Win32
		{630FED3E-2773-4F8F-ACE8-D7F9D6AE76A5}.Release|x86.Build.0 = Release|Win32
	EndGlobalSection
	GlobalSection(SolutionProperties) = preSolution
		HideSolutionNode = FALSE
	EndGlobalSection
	GlobalSection(ExtensibilityGlobals) = postSolution
		SolutionGuid = {944C2B08-834D-4D13-ABDC-0764350B5ADC}
	EndGlobalSection
EndGlobal
